{
	"name": "荒野",
	"lockfileVersion": 3,
	"requires": true,
	"packages": {
		"": {
			"dependencies": {
				"nim-web-sdk-ng": "^10.4.0"
			}
		},
		"node_modules/nim-web-sdk-ng": {
			"version": "10.4.0",
			"resolved": "https://registry.npmjs.org/nim-web-sdk-ng/-/nim-web-sdk-ng-10.4.0.tgz",
			"integrity": "sha512-eJCIE7/VlnqLDZb81wF8NDvep9WKfHeL7PH8OeFn7AmN2G/nFGuNkl6tcGEw635U6mitLwCV0CBdQ6tSF16mEA==",
			"license": "ISC"
		}
	}
}
